
Microsoft Visual Studio Solution File, Format Version 12.00
# Visual Studio Version 17
VisualStudioVersion = 17.14.36811.4 d17.14
MinimumVisualStudioVersion = 10.0.40219.1
Project("{8BC9CEB8-8B4A-11D0-8D11-00A0C91BC942}") = "Port80Editor", "Port80Editor\Port80Editor.vcxproj", "{7AC96509-D19A-8470-2C4B-BF87E9148D93}"
EndProject
Project("{8BC9CEB8-8B4A-11D0-8D11-00A0C91BC942}") = "Port80EditorCLI", "Port80EditorCLI\Port80EditorCLI.vcxproj", "{43FB0D63-163A-4008-9E64-1CA6D8780158}"
EndProject
Project("{2150E333-8FDC-42A3-9474-1A3956D46DE8}") = "Shared", "Shared", "{DDB4EF12-CC4E-5E88-E6FC-71A802F4DE97}"
	ProjectSection(SolutionItems) = preProject
		Public.h = Public.h
	EndProjectSection
EndProject
Global
	GlobalSection(SolutionConfigurationPlatforms) = preSolution
		Debug|ARM64 = Debug|ARM64
		Debug|x64 = Debug|x64
		Release|ARM64 = Release|ARM64
		Release|x64 = Release|x64
	EndGlobalSection
	GlobalSection(ProjectConfigurationPlatforms) = postSolution
		{7AC96509-D19A-8470-2C4B-BF87E9148D93}.Debug|ARM64.ActiveCfg = Debug|ARM64
		{7AC96509-D19A-8470-2C4B-BF87E9148D93}.Debug|ARM64.Build.0 = Debug|ARM64
		{7AC96509-D19A-8470-2C4B-BF87E9148D93}.Debug|ARM64.Deploy.0 = Debug|ARM64
		{7AC96509-D19A-8470-2C4B-BF87E9148D93}.Debug|x64.ActiveCfg = Debug|x64
		{7AC96509-D19A-8470-2C4B-BF87E9148D93}.Debug|x64.Build.0 = Debug|x64
		{7AC96509-D19A-8470-2C4B-BF87E9148D93}.Debug|x64.Deploy.0 = Debug|x64
		{7AC96509-D19A-8470-2C4B-BF87E9148D93}.Release|ARM64.ActiveCfg = Release|ARM64
		{7AC96509-D19A-8470-2C4B-BF87E9148D93}.Release|ARM64.Build.0 = Release|ARM64
		{7AC96509-D19A-8470-2C4B-BF87E9148D93}.Release|ARM64.Deploy.0 = Release|ARM64
		{7AC96509-D19A-8470-2C4B-BF87E9148D93}.Release|x64.ActiveCfg = Release|x64
		{7AC96509-D19A-8470-2C4B-BF87E9148D93}.Release|x64.Build.0 = Release|x64
		{7AC96509-D19A-8470-2C4B-BF87E9148D93}.Release|x64.Deploy.0 = Release|x64
		{43FB0D63-163A-4008-9E64-1CA6D8780158}.Debug|ARM64.ActiveCfg = Debug|x64
		{43FB0D63-163A-4008-9E64-1CA6D8780158}.Debug|ARM64.Build.0 = Debug|x64
		{43FB0D63-163A-4008-9E64-1CA6D8780158}.Debug|x64.ActiveCfg = Debug|x64
		{43FB0D63-163A-4008-9E64-1CA6D8780158}.Debug|x64.Build.0 = Debug|x64
		{43FB0D63-163A-4008-9E64-1CA6D8780158}.Release|ARM64.ActiveCfg = Release|x64
		{43FB0D63-163A-4008-9E64-1CA6D8780158}.Release|ARM64.Build.0 = Release|x64
		{43FB0D63-163A-4008-9E64-1CA6D8780158}.Release|x64.ActiveCfg = Release|x64
		{43FB0D63-163A-4008-9E64-1CA6D8780158}.Release|x64.Build.0 = Release|x64
	EndGlobalSection
	GlobalSection(SolutionProperties) = preSolution
		HideSolutionNode = FALSE
	EndGlobalSection
	GlobalSection(ExtensibilityGlobals) = postSolution
		SolutionGuid = {36D2FB00-421F-47E3-A4D2-15467014CEEC}
	EndGlobalSection
EndGlobal
